
Microsoft Visual Studio Solution File, Format Version 12.00
# Visual Studio 14
VisualStudioVersion = 14.0.25420.1
MinimumVisualStudioVersion = 10.0.40219.1
Project("{FAE04EC0-301F-11D3-BF4B-00C04F79EFBC}") = "RobloxControlPanel", "RobloxControlPanel\RobloxControlPanel.csproj", "{7DC0B5D3-E4C5-44E4-87A1-2C9D010B28EB}"
EndProject
Project("{FAE04EC0-301F-11D3-BF4B-00C04F79EFBC}") = "RobloxAPI", "..\..\..\..\..\Downloads\RobloxAPI\RobloxAPI.csproj", "{4136D2BC-FCD6-4202-BBF9-E48BC4783F8C}"
EndProject
Global
	GlobalSection(SolutionConfigurationPlatforms) = preSolution
		Debug|Any CPU = Debug|Any CPU
		Release|Any CPU = Release|Any CPU
	EndGlobalSection
	GlobalSection(ProjectConfigurationPlatforms) = postSolution
		{7DC0B5D3-E4C5-44E4-87A1-2C9D010B28EB}.Debug|Any CPU.ActiveCfg = Debug|Any CPU
		{7DC0B5D3-E4C5-44E4-87A1-2C9D010B28EB}.Debug|Any CPU.Build.0 = Debug|Any CPU
		{7DC0B5D3-E4C5-44E4-87A1-2C9D010B28EB}.Release|Any CPU.ActiveCfg = Release|Any CPU
		{7DC0B5D3-E4C5-44E4-87A1-2C9D010B28EB}.Release|Any CPU.Build.0 = Release|Any CPU
		{4136D2BC-FCD6-4202-BBF9-E48BC4783F8C}.Debug|Any CPU.ActiveCfg = Debug|Any CPU
		{4136D2BC-FCD6-4202-BBF9-E48BC4783F8C}.Debug|Any CPU.Build.0 = Debug|Any CPU
		{4136D2BC-FCD6-4202-BBF9-E48BC4783F8C}.Release|Any CPU.ActiveCfg = Release|Any CPU
		{4136D2BC-FCD6-4202-BBF9-E48BC4783F8C}.Release|Any CPU.Build.0 = Release|Any CPU
	EndGlobalSection
	GlobalSection(SolutionProperties) = preSolution
		HideSolutionNode = FALSE
	EndGlobalSection
EndGlobal
